
Microsoft Visual Studio Solution File, Format Version 12.00
# Visual Studio Version 17
VisualStudioVersion = 17.2.32526.322
MinimumVisualStudioVersion = 10.0.40219.1
Project("{FAE04EC0-301F-11D3-BF4B-00C04F79EFBC}") = "ELibraryManagement", "ELibraryManagement\ELibraryManagement.csproj", "{C6255753-DCEE-4466-82C3-03E140708E72}"
EndProject
Global
	GlobalSection(SolutionConfigurationPlatforms) = preSolution
		Debug|Any CPU = Debug|Any CPU
		Release|Any CPU = Release|Any CPU
	EndGlobalSection
	GlobalSection(ProjectConfigurationPlatforms) = postSolution
		{C6255753-DCEE-4466-82C3-03E140708E72}.Debug|Any CPU.ActiveCfg = Debug|Any CPU
		{C6255753-DCEE-4466-82C3-03E140708E72}.Debug|Any CPU.Build.0 = Debug|Any CPU
		{C6255753-DCEE-4466-82C3-03E140708E72}.Release|Any CPU.ActiveCfg = Release|Any CPU
		{C6255753-DCEE-4466-82C3-03E140708E72}.Release|Any CPU.Build.0 = Release|Any CPU
	EndGlobalSection
	GlobalSection(SolutionProperties) = preSolution
		HideSolutionNode = FALSE
	EndGlobalSection
	GlobalSection(ExtensibilityGlobals) = postSolution
		SolutionGuid = {241802B9-2003-40B3-9ECA-BA9F686BAEB0}
	EndGlobalSection
EndGlobal
